
Microsoft Visual Studio Solution File, Format Version 12.00
# Visual Studio 15
VisualStudioVersion = 15.0.27004.2008
MinimumVisualStudioVersion = 10.0.40219.1
Project("{FAE04EC0-301F-11D3-BF4B-00C04F79EFBC}") = "Exercicio02", "Exericio02\Exercicio02.csproj", "{03208260-F6BA-40E1-BB0E-11E6DCF39205}"
EndProject
Project("{FAE04EC0-301F-11D3-BF4B-00C04F79EFBC}") = "Exercicio03", "Exercicio03\Exercicio03.csproj", "{4ED017FC-0379-4B95-8ABD-A07DF70F02C7}"
EndProject
Global
	GlobalSection(SolutionConfigurationPlatforms) = preSolution
		Debug|Any CPU = Debug|Any CPU
		Release|Any CPU = Release|Any CPU
	EndGlobalSection
	GlobalSection(ProjectConfigurationPlatforms) = postSolution
		{03208260-F6BA-40E1-BB0E-11E6DCF39205}.Debug|Any CPU.ActiveCfg = Debug|Any CPU
		{03208260-F6BA-40E1-BB0E-11E6DCF39205}.Debug|Any CPU.Build.0 = Debug|Any CPU
		{03208260-F6BA-40E1-BB0E-11E6DCF39205}.Release|Any CPU.ActiveCfg = Release|Any CPU
		{03208260-F6BA-40E1-BB0E-11E6DCF39205}.Release|Any CPU.Build.0 = Release|Any CPU
		{4ED017FC-0379-4B95-8ABD-A07DF70F02C7}.Debug|Any CPU.ActiveCfg = Debug|Any CPU
		{4ED017FC-0379-4B95-8ABD-A07DF70F02C7}.Debug|Any CPU.Build.0 = Debug|Any CPU
		{4ED017FC-0379-4B95-8ABD-A07DF70F02C7}.Release|Any CPU.ActiveCfg = Release|Any CPU
		{4ED017FC-0379-4B95-8ABD-A07DF70F02C7}.Release|Any CPU.Build.0 = Release|Any CPU
	EndGlobalSection
	GlobalSection(SolutionProperties) = preSolution
		HideSolutionNode = FALSE
	EndGlobalSection
	GlobalSection(ExtensibilityGlobals) = postSolution
		SolutionGuid = {49781216-5F0D-4B2D-86C7-83A4A0766F2A}
	EndGlobalSection
EndGlobal
